
Microsoft Visual Studio Solution File, Format Version 12.00
# Visual Studio Version 17
VisualStudioVersion = 17.14.36429.23 d17.14
MinimumVisualStudioVersion = 10.0.40219.1
Project("{FAE04EC0-301F-11D3-BF4B-00C04F79EFBC}") = "Lab03_02", "Lab03_02\Lab03_02.csproj", "{A05FA22F-06BE-442D-8F5A-57027958B423}"
EndProject
Global
	GlobalSection(SolutionConfigurationPlatforms) = preSolution
		Debug|Any CPU = Debug|Any CPU
		Release|Any CPU = Release|Any CPU
	EndGlobalSection
	GlobalSection(ProjectConfigurationPlatforms) = postSolution
		{A05FA22F-06BE-442D-8F5A-57027958B423}.Debug|Any CPU.ActiveCfg = Debug|Any CPU
		{A05FA22F-06BE-442D-8F5A-57027958B423}.Debug|Any CPU.Build.0 = Debug|Any CPU
		{A05FA22F-06BE-442D-8F5A-57027958B423}.Release|Any CPU.ActiveCfg = Release|Any CPU
		{A05FA22F-06BE-442D-8F5A-57027958B423}.Release|Any CPU.Build.0 = Release|Any CPU
	EndGlobalSection
	GlobalSection(SolutionProperties) = preSolution
		HideSolutionNode = FALSE
	EndGlobalSection
	GlobalSection(ExtensibilityGlobals) = postSolution
		SolutionGuid = {1C504A86-BB64-49CA-9C75-001A79F89264}
	EndGlobalSection
EndGlobal
